
Microsoft Visual Studio Solution File, Format Version 12.00
# Visual Studio Version 17
VisualStudioVersion = 17.0.31903.59
MinimumVisualStudioVersion = 10.0.40219.1
Project("{FAE04EC0-301F-11D3-BF4B-00C04F79EFBC}") = "PdfSearch", "PdfSearch\PdfSearch.csproj", "{2946C6E2-7C9D-4257-AC00-7F15978D4E33}"
EndProject
Project("{FAE04EC0-301F-11D3-BF4B-00C04F79EFBC}") = "PdfSearch.Tests", "PdfSearch.Tests\PdfSearch.Tests.csproj", "{CF895687-0AF6-4E7B-9DB9-E5552575D197}"
EndProject
Global
	GlobalSection(SolutionConfigurationPlatforms) = preSolution
		Debug|Any CPU = Debug|Any CPU
		Release|Any CPU = Release|Any CPU
	EndGlobalSection
	GlobalSection(SolutionProperties) = preSolution
		HideSolutionNode = FALSE
	EndGlobalSection
	GlobalSection(ProjectConfigurationPlatforms) = postSolution
		{2946C6E2-7C9D-4257-AC00-7F15978D4E33}.Debug|Any CPU.ActiveCfg = Debug|Any CPU
		{2946C6E2-7C9D-4257-AC00-7F15978D4E33}.Debug|Any CPU.Build.0 = Debug|Any CPU
		{2946C6E2-7C9D-4257-AC00-7F15978D4E33}.Release|Any CPU.ActiveCfg = Release|Any CPU
		{2946C6E2-7C9D-4257-AC00-7F15978D4E33}.Release|Any CPU.Build.0 = Release|Any CPU
		{CF895687-0AF6-4E7B-9DB9-E5552575D197}.Debug|Any CPU.ActiveCfg = Debug|Any CPU
		{CF895687-0AF6-4E7B-9DB9-E5552575D197}.Debug|Any CPU.Build.0 = Debug|Any CPU
		{CF895687-0AF6-4E7B-9DB9-E5552575D197}.Release|Any CPU.ActiveCfg = Release|Any CPU
		{CF895687-0AF6-4E7B-9DB9-E5552575D197}.Release|Any CPU.Build.0 = Release|Any CPU
	EndGlobalSection
EndGlobal
